// !$*UTF8*$!
{
	archiveVersion = 1;
	classes = {
	};
	objectVersion = 48;
	objects = {

/* Begin PBXBuildFile section */
		BD69EFEB1F14366D00CE2A1D /* AppDelegate.swift in Sources */ = {isa = PBXBuildFile; fileRef = BD69EFEA1F14366D00CE2A1D /* AppDelegate.swift */; };
		BD69EFED1F14366D00CE2A1D /* Scene.sks in Resources */ = {isa = PBXBuildFile; fileRef = BD69EFEC1F14366D00CE2A1D /* Scene.sks */; };
		BD69EFEF1F14366D00CE2A1D /* Scene.swift in Sources */ = {isa = PBXBuildFile; fileRef = BD69EFEE1F14366D00CE2A1D /* Scene.swift */; };
		BD69EFF11F14366D00CE2A1D /* ViewController.swift in Sources */ = {isa = PBXBuildFile; fileRef = BD69EFF01F14366D00CE2A1D /* ViewController.swift */; };
		BD69EFF41F14366D00CE2A1D /* Main.storyboard in Resources */ = {isa = PBXBuildFile; fileRef = BD69EFF21F14366D00CE2A1D /* Main.storyboard */; };
		BD69EFF61F14366D00CE2A1D /* Assets.xcassets in Resources */ = {isa = PBXBuildFile; fileRef = BD69EFF51F14366D00CE2A1D /* Assets.xcassets */; };
		BD69EFF91F14366D00CE2A1D /* LaunchScreen.storyboard in Resources */ = {isa = PBXBuildFile; fileRef = BD69EFF71F14366D00CE2A1D /* LaunchScreen.storyboard */; };
		BD69F0041F14366E00CE2A1D /* Project2a_SightspotterTests.swift in Sources */ = {isa = PBXBuildFile; fileRef = BD69F0031F14366E00CE2A1D /* Project2a_SightspotterTests.swift */; };
		BD69F00F1F14366E00CE2A1D /* Project2a_SightspotterUITests.swift in Sources */ = {isa = PBXBuildFile; fileRef = BD69F00E1F14366E00CE2A1D /* Project2a_SightspotterUITests.swift */; };
/* End PBXBuildFile section */

/* Begin PBXContainerItemProxy section */
		BD69F0001F14366E00CE2A1D /* PBXContainerItemProxy */ = {
			isa = PBXContainerItemProxy;
			containerPortal = BD69EFDF1F14366D00CE2A1D /* Project object */;
			proxyType = 1;
			remoteGlobalIDString = BD69EFE61F14366D00CE2A1D;
			remoteInfo = "Project2a Sightspotter";
		};
		BD69F00B1F14366E00CE2A1D /* PBXContainerItemProxy */ = {
			isa = PBXContainerItemProxy;
			containerPortal = BD69EFDF1F14366D00CE2A1D /* Project object */;
			proxyType = 1;
			remoteGlobalIDString = BD69EFE61F14366D00CE2A1D;
			remoteInfo = "Project2a Sightspotter";
		};
/* End PBXContainerItemProxy section */

/* Begin PBXFileReference section */
		BD69EFE71F14366D00CE2A1D /* Project2a Sightspotter.app */ = {isa = PBXFileReference; explicitFileType = wrapper.application; includeInIndex = 0; path = "Project2a Sightspotter.app"; sourceTree = BUILT_PRODUCTS_DIR; };
		BD69EFEA1F14366D00CE2A1D /* AppDelegate.swift */ = {isa = PBXFileReference; lastKnownFileType = sourcecode.swift; path = AppDelegate.swift; sourceTree = "<group>"; };
		BD69EFEC1F14366D00CE2A1D /* Scene.sks */ = {isa = PBXFileReference; lastKnownFileType = file.sks; path = Scene.sks; sourceTree = "<group>"; };
		BD69EFEE1F14366D00CE2A1D /* Scene.swift */ = {isa = PBXFileReference; lastKnownFileType = sourcecode.swift; path = Scene.swift; sourceTree = "<group>"; };
		BD69EFF01F14366D00CE2A1D /* ViewController.swift */ = {isa = PBXFileReference; lastKnownFileType = sourcecode.swift; path = ViewController.swift; sourceTree = "<group>"; };
		BD69EFF31F14366D00CE2A1D /* Base */ = {isa = PBXFileReference; lastKnownFileType = file.storyboard; name = Base; path = Base.lproj/Main.storyboard; sourceTree = "<group>"; };
		BD69EFF51F14366D00CE2A1D /* Assets.xcassets */ = {isa = PBXFileReference; lastKnownFileType = folder.assetcatalog; path = Assets.xcassets; sourceTree = "<group>"; };
		BD69EFF81F14366D00CE2A1D /* Base */ = {isa = PBXFileReference; lastKnownFileType = file.storyboard; name = Base; path = Base.lproj/LaunchScreen.storyboard; sourceTree = "<group>"; };
		BD69EFFA1F14366D00CE2A1D /* Info.plist */ = {isa = PBXFileReference; lastKnownFileType = text.plist.xml; path = Info.plist; sourceTree = "<group>"; };
		BD69EFFF1F14366E00CE2A1D /* Project2a SightspotterTests.xctest */ = {isa = PBXFileReference; explicitFileType = wrapper.cfbundle; includeInIndex = 0; path = "Project2a SightspotterTests.xctest"; sourceTree = BUILT_PRODUCTS_DIR; };
		BD69F0031F14366E00CE2A1D /* Project2a_SightspotterTests.swift */ = {isa = PBXFileReference; lastKnownFileType = sourcecode.swift; path = Project2a_SightspotterTests.swift; sourceTree = "<group>"; };
		BD69F0051F14366E00CE2A1D /* Info.plist */ = {isa = PBXFileReference; lastKnownFileType = text.plist.xml; path = Info.plist; sourceTree = "<group>"; };
		BD69F00A1F14366E00CE2A1D /* Project2a SightspotterUITests.xctest */ = {isa = PBXFileReference; explicitFileType = wrapper.cfbundle; includeInIndex = 0; path = "Project2a SightspotterUITests.xctest"; sourceTree = BUILT_PRODUCTS_DIR; };
		BD69F00E1F14366E00CE2A1D /* Project2a_SightspotterUITests.swift */ = {isa = PBXFileReference; lastKnownFileType = sourcecode.swift; path = Project2a_SightspotterUITests.swift; sourceTree = "<group>"; };
		BD69F0101F14366E00CE2A1D /* Info.plist */ = {isa = PBXFileReference; lastKnownFileType = text.plist.xml; path = Info.plist; sourceTree = "<group>"; };
/* End PBXFileReference section */

/* Begin PBXFrameworksBuildPhase section */
		BD69EFE41F14366D00CE2A1D /* Frameworks */ = {
			isa = PBXFrameworksBuildPhase;
			buildActionMask = 2147483647;
			files = (
			);
			runOnlyForDeploymentPostprocessing = 0;
		};
		BD69EFFC1F14366E00CE2A1D /* Frameworks */ = {
			isa = PBXFrameworksBuildPhase;
			buildActionMask = 2147483647;
			files = (
			);
			runOnlyForDeploymentPostprocessing = 0;
		};
		BD69F0071F14366E00CE2A1D /* Frameworks */ = {
			isa = PBXFrameworksBuildPhase;
			buildActionMask = 2147483647;
			files = (
			);
			runOnlyForDeploymentPostprocessing = 0;
		};
/* End PBXFrameworksBuildPhase section */

/* Begin PBXGroup section */
		BD69EFDE1F14366D00CE2A1D = {
			isa = PBXGroup;
			children = (
				BD69EFE91F14366D00CE2A1D /* Project2a Sightspotter */,
				BD69F0021F14366E00CE2A1D /* Project2a SightspotterTests */,
				BD69F00D1F14366E00CE2A1D /* Project2a SightspotterUITests */,
				BD69EFE81F14366D00CE2A1D /* Products */,
			);
			sourceTree = "<group>";
		};
		BD69EFE81F14366D00CE2A1D /* Products */ = {
			isa = PBXGroup;
			children = (
				BD69EFE71F14366D00CE2A1D /* Project2a Sightspotter.app */,
				BD69EFFF1F14366E00CE2A1D /* Project2a SightspotterTests.xctest */,
				BD69F00A1F14366E00CE2A1D /* Project2a SightspotterUITests.xctest */,
			);
			name = Products;
			sourceTree = "<group>";
		};
		BD69EFE91F14366D00CE2A1D /* Project2a Sightspotter */ = {
			isa = PBXGroup;
			children = (
				BD69EFEA1F14366D00CE2A1D /* AppDelegate.swift */,
				BD69EFEC1F14366D00CE2A1D /* Scene.sks */,
				BD69EFEE1F14366D00CE2A1D /* Scene.swift */,
				BD69EFF01F14366D00CE2A1D /* ViewController.swift */,
				BD69EFF21F14366D00CE2A1D /* Main.storyboard */,
				BD69EFF51F14366D00CE2A1D /* Assets.xcassets */,
				BD69EFF71F14366D00CE2A1D /* LaunchScreen.storyboard */,
				BD69EFFA1F14366D00CE2A1D /* Info.plist */,
			);
			path = "Project2a Sightspotter";
			sourceTree = "<group>";
		};
		BD69F0021F14366E00CE2A1D /* Project2a SightspotterTests */ = {
			isa = PBXGroup;
			children = (
				BD69F0031F14366E00CE2A1D /* Project2a_SightspotterTests.swift */,
				BD69F0051F14366E00CE2A1D /* Info.plist */,
			);
			path = "Project2a SightspotterTests";
			sourceTree = "<group>";
		};
		BD69F00D1F14366E00CE2A1D /* Project2a SightspotterUITests */ = {
			isa = PBXGroup;
			children = (
				BD69F00E1F14366E00CE2A1D /* Project2a_SightspotterUITests.swift */,
				BD69F0101F14366E00CE2A1D /* Info.plist */,
			);
			path = "Project2a SightspotterUITests";
			sourceTree = "<group>";
		};
/* End PBXGroup section */

/* Begin PBXNativeTarget section */
		BD69EFE61F14366D00CE2A1D /* Project2a Sightspotter */ = {
			isa = PBXNativeTarget;
			buildConfigurationList = BD69F0131F14366E00CE2A1D /* Build configuration list for PBXNativeTarget "Project2a Sightspotter" */;
			buildPhases = (
				BD69EFE31F14366D00CE2A1D /* Sources */,
				BD69EFE41F14366D00CE2A1D /* Frameworks */,
				BD69EFE51F14366D00CE2A1D /* Resources */,
			);
			buildRules = (
			);
			dependencies = (
			);
			name = "Project2a Sightspotter";
			productName = "Project2a Sightspotter";
			productReference = BD69EFE71F14366D00CE2A1D /* Project2a Sightspotter.app */;
			productType = "com.apple.product-type.application";
		};
		BD69EFFE1F14366E00CE2A1D /* Project2a SightspotterTests */ = {
			isa = PBXNativeTarget;
			buildConfigurationList = BD69F0161F14366E00CE2A1D /* Build configuration list for PBXNativeTarget "Project2a SightspotterTests" */;
			buildPhases = (
				BD69EFFB1F14366E00CE2A1D /* Sources */,
				BD69EFFC1F14366E00CE2A1D /* Frameworks */,
				BD69EFFD1F14366E00CE2A1D /* Resources */,
			);
			buildRules = (
			);
			dependencies = (
				BD69F0011F14366E00CE2A1D /* PBXTargetDependency */,
			);
			name = "Project2a SightspotterTests";
			productName = "Project2a SightspotterTests";
			productReference = BD69EFFF1F14366E00CE2A1D /* Project2a SightspotterTests.xctest */;
			productType = "com.apple.product-type.bundle.unit-test";
		};
		BD69F0091F14366E00CE2A1D /* Project2a SightspotterUITests */ = {
			isa = PBXNativeTarget;
			buildConfigurationList = BD69F0191F14366E00CE2A1D /* Build configuration list for PBXNativeTarget "Project2a SightspotterUITests" */;
			buildPhases = (
				BD69F0061F14366E00CE2A1D /* Sources */,
				BD69F0071F14366E00CE2A1D /* Frameworks */,
				BD69F0081F14366E00CE2A1D /* Resources */,
			);
			buildRules = (
			);
			dependencies = (
				BD69F00C1F14366E00CE2A1D /* PBXTargetDependency */,
			);
			name = "Project2a SightspotterUITests";
			productName = "Project2a SightspotterUITests";
			productReference = BD69F00A1F14366E00CE2A1D /* Project2a SightspotterUITests.xctest */;
			productType = "com.apple.product-type.bundle.ui-testing";
		};
/* End PBXNativeTarget section */

/* Begin PBXProject section */
		BD69EFDF1F14366D00CE2A1D /* Project object */ = {
			isa = PBXProject;
			attributes = {
				LastSwiftUpdateCheck = 0900;
				LastUpgradeCheck = 0900;
				ORGANIZATIONNAME = "Marc Aupont";
				TargetAttributes = {
					BD69EFE61F14366D00CE2A1D = {
						CreatedOnToolsVersion = 9.0;
					};
					BD69EFFE1F14366E00CE2A1D = {
						CreatedOnToolsVersion = 9.0;
						TestTargetID = BD69EFE61F14366D00CE2A1D;
					};
					BD69F0091F14366E00CE2A1D = {
						CreatedOnToolsVersion = 9.0;
						TestTargetID = BD69EFE61F14366D00CE2A1D;
					};
				};
			};
			buildConfigurationList = BD69EFE21F14366D00CE2A1D /* Build configuration list for PBXProject "Project2a Sightspotter" */;
			compatibilityVersion = "Xcode 8.0";
			developmentRegion = en;
			hasScannedForEncodings = 0;
			knownRegions = (
				en,
				Base,
			);
			mainGroup = BD69EFDE1F14366D00CE2A1D;
			productRefGroup = BD69EFE81F14366D00CE2A1D /* Products */;
			projectDirPath = "";
			projectRoot = "";
			targets = (
				BD69EFE61F14366D00CE2A1D /* Project2a Sightspotter */,
				BD69EFFE1F14366E00CE2A1D /* Project2a SightspotterTests */,
				BD69F0091F14366E00CE2A1D /* Project2a SightspotterUITests */,
			);
		};
/* End PBXProject section */

/* Begin PBXResourcesBuildPhase section */
		BD69EFE51F14366D00CE2A1D /* Resources */ = {
			isa = PBXResourcesBuildPhase;
			buildActionMask = 2147483647;
			files = (
				BD69EFED1F14366D00CE2A1D /* Scene.sks in Resources */,
				BD69EFF91F14366D00CE2A1D /* LaunchScreen.storyboard in Resources */,
				BD69EFF61F14366D00CE2A1D /* Assets.xcassets in Resources */,
				BD69EFF41F14366D00CE2A1D /* Main.storyboard in Resources */,
			);
			runOnlyForDeploymentPostprocessing = 0;
		};
		BD69EFFD1F14366E00CE2A1D /* Resources */ = {
			isa = PBXResourcesBuildPhase;
			buildActionMask = 2147483647;
			files = (
			);
			runOnlyForDeploymentPostprocessing = 0;
		};
		BD69F0081F14366E00CE2A1D /* Resources */ = {
			isa = PBXResourcesBuildPhase;
			buildActionMask = 2147483647;
			files = (
			);
			runOnlyForDeploymentPostprocessing = 0;
		};
/* End PBXResourcesBuildPhase section */

/* Begin PBXSourcesBuildPhase section */
		BD69EFE31F14366D00CE2A1D /* Sources */ = {
			isa = PBXSourcesBuildPhase;
			buildActionMask = 2147483647;
			files = (
				BD69EFF11F14366D00CE2A1D /* ViewController.swift in Sources */,
				BD69EFEF1F14366D00CE2A1D /* Scene.swift in Sources */,
				BD69EFEB1F14366D00CE2A1D /* AppDelegate.swift in Sources */,
			);
			runOnlyForDeploymentPostprocessing = 0;
		};
		BD69EFFB1F14366E00CE2A1D /* Sources */ = {
			isa = PBXSourcesBuildPhase;
			buildActionMask = 2147483647;
			files = (
				BD69F0041F14366E00CE2A1D /* Project2a_SightspotterTests.swift in Sources */,
			);
			runOnlyForDeploymentPostprocessing = 0;
		};
		BD69F0061F14366E00CE2A1D /* Sources */ = {
			isa = PBXSourcesBuildPhase;
			buildActionMask = 2147483647;
			files = (
				BD69F00F1F14366E00CE2A1D /* Project2a_SightspotterUITests.swift in Sources */,
			);
			runOnlyForDeploymentPostprocessing = 0;
		};
/* End PBXSourcesBuildPhase section */

/* Begin PBXTargetDependency section */
		BD69F0011F14366E00CE2A1D /* PBXTargetDependency */ = {
			isa = PBXTargetDependency;
			target = BD69EFE61F14366D00CE2A1D /* Project2a Sightspotter */;
			targetProxy = BD69F0001F14366E00CE2A1D /* PBXContainerItemProxy */;
		};
		BD69F00C1F14366E00CE2A1D /* PBXTargetDependency */ = {
			isa = PBXTargetDependency;
			target = BD69EFE61F14366D00CE2A1D /* Project2a Sightspotter */;
			targetProxy = BD69F00B1F14366E00CE2A1D /* PBXContainerItemProxy */;
		};
/* End PBXTargetDependency section */

/* Begin PBXVariantGroup section */
		BD69EFF21F14366D00CE2A1D /* Main.storyboard */ = {
			isa = PBXVariantGroup;
			children = (
				BD69EFF31F14366D00CE2A1D /* Base */,
			);
			name = Main.storyboard;
			sourceTree = "<group>";
		};
		BD69EFF71F14366D00CE2A1D /* LaunchScreen.storyboard */ = {
			isa = PBXVariantGroup;
			children = (
				BD69EFF81F14366D00CE2A1D /* Base */,
			);
			name = LaunchScreen.storyboard;
			sourceTree = "<group>";
		};
/* End PBXVariantGroup section */

/* Begin XCBuildConfiguration section */
		BD69F0111F14366E00CE2A1D /* Debug */ = {
			isa = XCBuildConfiguration;
			buildSettings = {
				ALWAYS_SEARCH_USER_PATHS = NO;
				CLANG_ANALYZER_NONNULL = YES;
				CLANG_ANALYZER_NUMBER_OBJECT_CONVERSION = YES_AGGRESSIVE;
				CLANG_CXX_LANGUAGE_STANDARD = "gnu++14";
				CLANG_CXX_LIBRARY = "libc++";
				CLANG_ENABLE_MODULES = YES;
				CLANG_ENABLE_OBJC_ARC = YES;
				CLANG_WARN_BLOCK_CAPTURE_AUTORELEASING = YES;
				CLANG_WARN_BOOL_CONVERSION = YES;
				CLANG_WARN_COMMA = YES;
				CLANG_WARN_CONSTANT_CONVERSION = YES;
				CLANG_WARN_DIRECT_OBJC_ISA_USAGE = YES_ERROR;
				CLANG_WARN_DOCUMENTATION_COMMENTS = YES;
				CLANG_WARN_EMPTY_BODY = YES;
				CLANG_WARN_ENUM_CONVERSION = YES;
				CLANG_WARN_INFINITE_RECURSION = YES;
				CLANG_WARN_INT_CONVERSION = YES;
				CLANG_WARN_NON_LITERAL_NULL_CONVERSION = YES;
				CLANG_WARN_OBJC_LITERAL_CONVERSION = YES;
				CLANG_WARN_OBJC_ROOT_CLASS = YES_ERROR;
				CLANG_WARN_RANGE_LOOP_ANALYSIS = YES;
				CLANG_WARN_STRICT_PROTOTYPES = YES;
				CLANG_WARN_SUSPICIOUS_MOVE = YES;
				CLANG_WARN_UNGUARDED_AVAILABILITY = YES_AGGRESSIVE;
				CLANG_WARN_UNREACHABLE_CODE = YES;
				CLANG_WARN__DUPLICATE_METHOD_MATCH = YES;
				CODE_SIGN_IDENTITY = "iPhone Developer";
				COPY_PHASE_STRIP = NO;
				DEBUG_INFORMATION_FORMAT = dwarf;
				ENABLE_STRICT_OBJC_MSGSEND = YES;
				ENABLE_TESTABILITY = YES;
				GCC_C_LANGUAGE_STANDARD = gnu11;
				GCC_DYNAMIC_NO_PIC = NO;
				GCC_NO_COMMON_BLOCKS = YES;
				GCC_OPTIMIZATION_LEVEL = 0;
				GCC_PREPROCESSOR_DEFINITIONS = (
					"DEBUG=1",
					"$(inherited)",
				);
				GCC_WARN_64_TO_32_BIT_CONVERSION = YES;
				GCC_WARN_ABOUT_RETURN_TYPE = YES_ERROR;
				GCC_WARN_UNDECLARED_SELECTOR = YES;
				GCC_WARN_UNINITIALIZED_AUTOS = YES_AGGRESSIVE;
				GCC_WARN_UNUSED_FUNCTION = YES;
				GCC_WARN_UNUSED_VARIABLE = YES;
				IPHONEOS_DEPLOYMENT_TARGET = 11.0;
				MTL_ENABLE_DEBUG_INFO = YES;
				ONLY_ACTIVE_ARCH = YES;
				SDKROOT = iphoneos;
				SWIFT_ACTIVE_COMPILATION_CONDITIONS = DEBUG;
				SWIFT_OPTIMIZATION_LEVEL = "-Onone";
			};
			name = Debug;
		};
		BD69F0121F14366E00CE2A1D /* Release */ = {
			isa = XCBuildConfiguration;
			buildSettings = {
				ALWAYS_SEARCH_USER_PATHS = NO;
				CLANG_ANALYZER_NONNULL = YES;
				CLANG_ANALYZER_NUMBER_OBJECT_CONVERSION = YES_AGGRESSIVE;
				CLANG_CXX_LANGUAGE_STANDARD = "gnu++14";
				CLANG_CXX_LIBRARY = "libc++";
				CLANG_ENABLE_MODULES = YES;
				CLANG_ENABLE_OBJC_ARC = YES;
				CLANG_WARN_BLOCK_CAPTURE_AUTORELEASING = YES;
				CLANG_WARN_BOOL_CONVERSION = YES;
				CLANG_WARN_COMMA = YES;
				CLANG_WARN_CONSTANT_CONVERSION = YES;
				CLANG_WARN_DIRECT_OBJC_ISA_USAGE = YES_ERROR;
				CLANG_WARN_DOCUMENTATION_COMMENTS = YES;
				CLANG_WARN_EMPTY_BODY = YES;
				CLANG_WARN_ENUM_CONVERSION = YES;
				CLANG_WARN_INFINITE_RECURSION = YES;
				CLANG_WARN_INT_CONVERSION = YES;
				CLANG_WARN_NON_LITERAL_NULL_CONVERSION = YES;
				CLANG_WARN_OBJC_LITERAL_CONVERSION = YES;
				CLANG_WARN_OBJC_ROOT_CLASS = YES_ERROR;
				CLANG_WARN_RANGE_LOOP_ANALYSIS = YES;
				CLANG_WARN_STRICT_PROTOTYPES = YES;
				CLANG_WARN_SUSPICIOUS_MOVE = YES;
				CLANG_WARN_UNGUARDED_AVAILABILITY = YES_AGGRESSIVE;
				CLANG_WARN_UNREACHABLE_CODE = YES;
				CLANG_WARN__DUPLICATE_METHOD_MATCH = YES;
				CODE_SIGN_IDENTITY = "iPhone Developer";
				COPY_PHASE_STRIP = NO;
				DEBUG_INFORMATION_FORMAT = "dwarf-with-dsym";
				ENABLE_NS_ASSERTIONS = NO;
				ENABLE_STRICT_OBJC_MSGSEND = YES;
				GCC_C_LANGUAGE_STANDARD = gnu11;
				GCC_NO_COMMON_BLOCKS = YES;
				GCC_WARN_64_TO_32_BIT_CONVERSION = YES;
				GCC_WARN_ABOUT_RETURN_TYPE = YES_ERROR;
				GCC_WARN_UNDECLARED_SELECTOR = YES;
				GCC_WARN_UNINITIALIZED_AUTOS = YES_AGGRESSIVE;
				GCC_WARN_UNUSED_FUNCTION = YES;
				GCC_WARN_UNUSED_VARIABLE = YES;
				IPHONEOS_DEPLOYMENT_TARGET = 11.0;
				MTL_ENABLE_DEBUG_INFO = NO;
				SDKROOT = iphoneos;
				SWIFT_OPTIMIZATION_LEVEL = "-Owholemodule";
				VALIDATE_PRODUCT = YES;
			};
			name = Release;
		};
		BD69F0141F14366E00CE2A1D /* Debug */ = {
			isa = XCBuildConfiguration;
			buildSettings = {
				ASSETCATALOG_COMPILER_APPICON_NAME = AppIcon;
				DEVELOPMENT_TEAM = 4T87K25SZU;
				INFOPLIST_FILE = "Project2a Sightspotter/Info.plist";
				LD_RUNPATH_SEARCH_PATHS = "$(inherited) @executable_path/Frameworks";
				PRODUCT_BUNDLE_IDENTIFIER = "com.digimarktech.Project2a-Sightspotter";
				PRODUCT_NAME = "$(TARGET_NAME)";
				SWIFT_VERSION = 4.0;
				TARGETED_DEVICE_FAMILY = "1,2";
			};
			name = Debug;
		};
		BD69F0151F14366E00CE2A1D /* Release */ = {
			isa = XCBuildConfiguration;
			buildSettings = {
				ASSETCATALOG_COMPILER_APPICON_NAME = AppIcon;
				DEVELOPMENT_TEAM = 4T87K25SZU;
				INFOPLIST_FILE = "Project2a Sightspotter/Info.plist";
				LD_RUNPATH_SEARCH_PATHS = "$(inherited) @executable_path/Frameworks";
				PRODUCT_BUNDLE_IDENTIFIER = "com.digimarktech.Project2a-Sightspotter";
				PRODUCT_NAME = "$(TARGET_NAME)";
				SWIFT_VERSION = 4.0;
				TARGETED_DEVICE_FAMILY = "1,2";
			};
			name = Release;
		};
		BD69F0171F14366E00CE2A1D /* Debug */ = {
			isa = XCBuildConfiguration;
			buildSettings = {
				ALWAYS_EMBED_SWIFT_STANDARD_LIBRARIES = YES;
				BUNDLE_LOADER = "$(TEST_HOST)";
				INFOPLIST_FILE = "Project2a SightspotterTests/Info.plist";
				LD_RUNPATH_SEARCH_PATHS = "$(inherited) @executable_path/Frameworks @loader_path/Frameworks";
				PRODUCT_BUNDLE_IDENTIFIER = "com.digimarktech.Project2a-SightspotterTests";
				PRODUCT_NAME = "$(TARGET_NAME)";
				SWIFT_VERSION = 4.0;
				TARGETED_DEVICE_FAMILY = "1,2";
				TEST_HOST = "$(BUILT_PRODUCTS_DIR)/Project2a Sightspotter.app/Project2a Sightspotter";
			};
			name = Debug;
		};
		BD69F0181F14366E00CE2A1D /* Release */ = {
			isa = XCBuildConfiguration;
			buildSettings = {
				ALWAYS_EMBED_SWIFT_STANDARD_LIBRARIES = YES;
				BUNDLE_LOADER = "$(TEST_HOST)";
				INFOPLIST_FILE = "Project2a SightspotterTests/Info.plist";
				LD_RUNPATH_SEARCH_PATHS = "$(inherited) @executable_path/Frameworks @loader_path/Frameworks";
				PRODUCT_BUNDLE_IDENTIFIER = "com.digimarktech.Project2a-SightspotterTests";
				PRODUCT_NAME = "$(TARGET_NAME)";
				SWIFT_VERSION = 4.0;
				TARGETED_DEVICE_FAMILY = "1,2";
				TEST_HOST = "$(BUILT_PRODUCTS_DIR)/Project2a Sightspotter.app/Project2a Sightspotter";
			};
			name = Release;
		};
		BD69F01A1F14366E00CE2A1D /* Debug */ = {
			isa = XCBuildConfiguration;
			buildSettings = {
				ALWAYS_EMBED_SWIFT_STANDARD_LIBRARIES = YES;
				INFOPLIST_FILE = "Project2a SightspotterUITests/Info.plist";
				LD_RUNPATH_SEARCH_PATHS = "$(inherited) @executable_path/Frameworks @loader_path/Frameworks";
				PRODUCT_BUNDLE_IDENTIFIER = "com.digimarktech.Project2a-SightspotterUITests";
				PRODUCT_NAME = "$(TARGET_NAME)";
				SWIFT_VERSION = 4.0;
				TARGETED_DEVICE_FAMILY = "1,2";
				TEST_TARGET_NAME = "Project2a Sightspotter";
			};
			name = Debug;
		};
		BD69F01B1F14366E00CE2A1D /* Release */ = {
			isa = XCBuildConfiguration;
			buildSettings = {
				ALWAYS_EMBED_SWIFT_STANDARD_LIBRARIES = YES;
				INFOPLIST_FILE = "Project2a SightspotterUITests/Info.plist";
				LD_RUNPATH_SEARCH_PATHS = "$(inherited) @executable_path/Frameworks @loader_path/Frameworks";
				PRODUCT_BUNDLE_IDENTIFIER = "com.digimarktech.Project2a-SightspotterUITests";
				PRODUCT_NAME = "$(TARGET_NAME)";
				SWIFT_VERSION = 4.0;
				TARGETED_DEVICE_FAMILY = "1,2";
				TEST_TARGET_NAME = "Project2a Sightspotter";
			};
			name = Release;
		};
/* End XCBuildConfiguration section */

/* Begin XCConfigurationList section */
		BD69EFE21F14366D00CE2A1D /* Build configuration list for PBXProject "Project2a Sightspotter" */ = {
			isa = XCConfigurationList;
			buildConfigurations = (
				BD69F0111F14366E00CE2A1D /* Debug */,
				BD69F0121F14366E00CE2A1D /* Release */,
			);
			defaultConfigurationIsVisible = 0;
			defaultConfigurationName = Release;
		};
		BD69F0131F14366E00CE2A1D /* Build configuration list for PBXNativeTarget "Project2a Sightspotter" */ = {
			isa = XCConfigurationList;
			buildConfigurations = (
				BD69F0141F14366E00CE2A1D /* Debug */,
				BD69F0151F14366E00CE2A1D /* Release */,
			);
			defaultConfigurationIsVisible = 0;
		};
		BD69F0161F14366E00CE2A1D /* Build configuration list for PBXNativeTarget "Project2a SightspotterTests" */ = {
			isa = XCConfigurationList;
			buildConfigurations = (
				BD69F0171F14366E00CE2A1D /* Debug */,
				BD69F0181F14366E00CE2A1D /* Release */,
			);
			defaultConfigurationIsVisible = 0;
		};
		BD69F0191F14366E00CE2A1D /* Build configuration list for PBXNativeTarget "Project2a SightspotterUITests" */ = {
			isa = XCConfigurationList;
			buildConfigurations = (
				BD69F01A1F14366E00CE2A1D /* Debug */,
				BD69F01B1F14366E00CE2A1D /* Release */,
			);
			defaultConfigurationIsVisible = 0;
		};
/* End XCConfigurationList section */
	};
	rootObject = BD69EFDF1F14366D00CE2A1D /* Project object */;
}
